Microsoft Visual Studio Solution File, Format Version 12.00
# Visual Studio Version 17
VisualStudioVersion = 17.5.2.0
MinimumVisualStudioVersion = 10.0.40219.1
Project("{2150E333-8FDC-42A3-9474-1A3956D46DE8}") = "src", "src", "{827E0CD3-B72D-47B6-A68D-7590B98EB39B}"
EndProject
Project("{2150E333-8FDC-42A3-9474-1A3956D46DE8}") = "tests", "tests", "{0AB3BF05-4346-4AA6-1389-037BE0695223}"
EndProject
Project("{FAE04EC0-301F-11D3-BF4B-00C04F79EFBC}") = "TicketPrime.Api", "src\TicketPrime.Api\TicketPrime.Api.csproj", "{DB9F73A7-2303-5BDE-9E2F-FC8855BCA851}"
EndProject
Project("{FAE04EC0-301F-11D3-BF4B-00C04F79EFBC}") = "TicketPrime.Tests", "tests\TicketPrime.Tests\TicketPrime.Tests.csproj", "{3D20C4F7-C52B-7FF5-4EB4-6E40BF79F579}"
EndProject
Global
	GlobalSection(SolutionConfigurationPlatforms) = preSolution
		Debug|Any CPU = Debug|Any CPU
		Release|Any CPU = Release|Any CPU
	EndGlobalSection
	GlobalSection(ProjectConfigurationPlatforms) = postSolution
		{DB9F73A7-2303-5BDE-9E2F-FC8855BCA851}.Debug|Any CPU.ActiveCfg = Debug|Any CPU
		{DB9F73A7-2303-5BDE-9E2F-FC8855BCA851}.Debug|Any CPU.Build.0 = Debug|Any CPU
		{DB9F73A7-2303-5BDE-9E2F-FC8855BCA851}.Release|Any CPU.ActiveCfg = Release|Any CPU
		{DB9F73A7-2303-5BDE-9E2F-FC8855BCA851}.Release|Any CPU.Build.0 = Release|Any CPU
		{3D20C4F7-C52B-7FF5-4EB4-6E40BF79F579}.Debug|Any CPU.ActiveCfg = Debug|Any CPU
		{3D20C4F7-C52B-7FF5-4EB4-6E40BF79F579}.Debug|Any CPU.Build.0 = Debug|Any CPU
		{3D20C4F7-C52B-7FF5-4EB4-6E40BF79F579}.Release|Any CPU.ActiveCfg = Release|Any CPU
		{3D20C4F7-C52B-7FF5-4EB4-6E40BF79F579}.Release|Any CPU.Build.0 = Release|Any CPU
	EndGlobalSection
	GlobalSection(SolutionProperties) = preSolution
		HideSolutionNode = FALSE
	EndGlobalSection
	GlobalSection(NestedProjects) = preSolution
		{DB9F73A7-2303-5BDE-9E2F-FC8855BCA851} = {827E0CD3-B72D-47B6-A68D-7590B98EB39B}
		{3D20C4F7-C52B-7FF5-4EB4-6E40BF79F579} = {0AB3BF05-4346-4AA6-1389-037BE0695223}
	EndGlobalSection
	GlobalSection(ExtensibilityGlobals) = postSolution
		SolutionGuid = {04F5AFA5-6B79-4727-B01E-ADF40DA092E3}
	EndGlobalSection
EndGlobal
